
Microsoft Visual Studio Solution File, Format Version 12.00
# Visual Studio Version 17
VisualStudioVersion = 17.6.33712.159
MinimumVisualStudioVersion = 10.0.40219.1
Project("{FAE04EC0-301F-11D3-BF4B-00C04F79EFBC}") = "Neptunite", "Neptunite.csproj", "{0CB25B9F-8C4B-495E-AC31-48528F9BCADD}"
EndProject
Global
	GlobalSection(SolutionConfigurationPlatforms) = preSolution
		Debug|Any CPU = Debug|Any CPU
		Release|Any CPU = Release|Any CPU
	EndGlobalSection
	GlobalSection(ProjectConfigurationPlatforms) = postSolution
		{0CB25B9F-8C4B-495E-AC31-48528F9BCADD}.Debug|Any CPU.ActiveCfg = Debug|Any CPU
		{0CB25B9F-8C4B-495E-AC31-48528F9BCADD}.Debug|Any CPU.Build.0 = Debug|Any CPU
		{0CB25B9F-8C4B-495E-AC31-48528F9BCADD}.Release|Any CPU.ActiveCfg = Release|Any CPU
		{0CB25B9F-8C4B-495E-AC31-48528F9BCADD}.Release|Any CPU.Build.0 = Release|Any CPU
	EndGlobalSection
	GlobalSection(SolutionProperties) = preSolution
		HideSolutionNode = FALSE
	EndGlobalSection
	GlobalSection(ExtensibilityGlobals) = postSolution
		SolutionGuid = {B7B79D7F-2ADC-4334-A05C-89002622EF33}
	EndGlobalSection
EndGlobal
